
Microsoft Visual Studio Solution File, Format Version 12.00
# Visual Studio Version 17
VisualStudioVersion = 17.3.32922.545
MinimumVisualStudioVersion = 10.0.40219.1
Project("{FAE04EC0-301F-11D3-BF4B-00C04F79EFBC}") = "CSPharma-v4.0", "CSPharma-v4.0.csproj", "{FF6AF71F-32E8-40D9-9CDD-B668E2993C62}"
EndProject
Project("{FAE04EC0-301F-11D3-BF4B-00C04F79EFBC}") = "CSPharma-v4.0-DAL", "..\CSPharma-v4.0-DAL\CSPharma-v4.0-DAL.csproj", "{9543BCFD-B8C6-4435-97D1-3010ACBF9059}"
EndProject
Global
	GlobalSection(SolutionConfigurationPlatforms) = preSolution
		Debug|Any CPU = Debug|Any CPU
		Release|Any CPU = Release|Any CPU
	EndGlobalSection
	GlobalSection(ProjectConfigurationPlatforms) = postSolution
		{FF6AF71F-32E8-40D9-9CDD-B668E2993C62}.Debug|Any CPU.ActiveCfg = Debug|Any CPU
		{FF6AF71F-32E8-40D9-9CDD-B668E2993C62}.Debug|Any CPU.Build.0 = Debug|Any CPU
		{FF6AF71F-32E8-40D9-9CDD-B668E2993C62}.Release|Any CPU.ActiveCfg = Release|Any CPU
		{FF6AF71F-32E8-40D9-9CDD-B668E2993C62}.Release|Any CPU.Build.0 = Release|Any CPU
		{9543BCFD-B8C6-4435-97D1-3010ACBF9059}.Debug|Any CPU.ActiveCfg = Debug|Any CPU
		{9543BCFD-B8C6-4435-97D1-3010ACBF9059}.Debug|Any CPU.Build.0 = Debug|Any CPU
		{9543BCFD-B8C6-4435-97D1-3010ACBF9059}.Release|Any CPU.ActiveCfg = Release|Any CPU
		{9543BCFD-B8C6-4435-97D1-3010ACBF9059}.Release|Any CPU.Build.0 = Release|Any CPU
	EndGlobalSection
	GlobalSection(SolutionProperties) = preSolution
		HideSolutionNode = FALSE
	EndGlobalSection
	GlobalSection(ExtensibilityGlobals) = postSolution
		SolutionGuid = {B8C76DEE-2163-49E1-B018-30ADFD766CD4}
	EndGlobalSection
EndGlobal
